
Microsoft Visual Studio Solution File, Format Version 12.00
# Visual Studio 2012
Project("{FAE04EC0-301F-11D3-BF4B-00C04F79EFBC}") = "SharpCompress", "SharpCompress\SharpCompress.csproj", "{10A689CF-76A2-4A4F-96E4-553C33398438}"
EndProject
Project("{FAE04EC0-301F-11D3-BF4B-00C04F79EFBC}") = "SharpCompress.Test", "SharpCompress.Test\SharpCompress.Test.csproj", "{15679D7A-F22C-4943-87FF-BF5C76C4A6FD}"
EndProject
Project("{FAE04EC0-301F-11D3-BF4B-00C04F79EFBC}") = "SharpCompress.Portable", "SharpCompress\SharpCompress.Portable.csproj", "{7FA7D133-1417-4F85-9998-4C618AC8FEDA}"
EndProject
Project("{FAE04EC0-301F-11D3-BF4B-00C04F79EFBC}") = "SharpCompress.WindowsStore", "SharpCompress\SharpCompress.WindowsStore.csproj", "{1DF6D83C-31FF-47B6-82FE-C4603BE916B5}"
EndProject
Global
	GlobalSection(SolutionConfigurationPlatforms) = preSolution
		Debug|Any CPU = Debug|Any CPU
		Debug|ARM = Debug|ARM
		Debug|x64 = Debug|x64
		Debug|x86 = Debug|x86
		Release|Any CPU = Release|Any CPU
		Release|ARM = Release|ARM
		Release|x64 = Release|x64
		Release|x86 = Release|x86
	EndGlobalSection
	GlobalSection(ProjectConfigurationPlatforms) = postSolution
		{10A689CF-76A2-4A4F-96E4-553C33398438}.Debug|Any CPU.ActiveCfg = Debug|Any CPU
		{10A689CF-76A2-4A4F-96E4-553C33398438}.Debug|Any CPU.Build.0 = Debug|Any CPU
		{10A689CF-76A2-4A4F-96E4-553C33398438}.Debug|ARM.ActiveCfg = Debug|Any CPU
		{10A689CF-76A2-4A4F-96E4-553C33398438}.Debug|x64.ActiveCfg = Debug|Any CPU
		{10A689CF-76A2-4A4F-96E4-553C33398438}.Debug|x86.ActiveCfg = Debug|Any CPU
		{10A689CF-76A2-4A4F-96E4-553C33398438}.Release|Any CPU.ActiveCfg = Release|Any CPU
		{10A689CF-76A2-4A4F-96E4-553C33398438}.Release|Any CPU.Build.0 = Release|Any CPU
		{10A689CF-76A2-4A4F-96E4-553C33398438}.Release|ARM.ActiveCfg = Release|Any CPU
		{10A689CF-76A2-4A4F-96E4-553C33398438}.Release|x64.ActiveCfg = Release|Any CPU
		{10A689CF-76A2-4A4F-96E4-553C33398438}.Release|x86.ActiveCfg = Release|Any CPU
		{15679D7A-F22C-4943-87FF-BF5C76C4A6FD}.Debug|Any CPU.ActiveCfg = Debug|Any CPU
		{15679D7A-F22C-4943-87FF-BF5C76C4A6FD}.Debug|Any CPU.Build.0 = Debug|Any CPU
		{15679D7A-F22C-4943-87FF-BF5C76C4A6FD}.Debug|ARM.ActiveCfg = Debug|Any CPU
		{15679D7A-F22C-4943-87FF-BF5C76C4A6FD}.Debug|x64.ActiveCfg = Debug|Any CPU
		{15679D7A-F22C-4943-87FF-BF5C76C4A6FD}.Debug|x86.ActiveCfg = Debug|Any CPU
		{15679D7A-F22C-4943-87FF-BF5C76C4A6FD}.Release|Any CPU.ActiveCfg = Release|Any CPU
		{15679D7A-F22C-4943-87FF-BF5C76C4A6FD}.Release|Any CPU.Build.0 = Release|Any CPU
		{15679D7A-F22C-4943-87FF-BF5C76C4A6FD}.Release|ARM.ActiveCfg = Release|Any CPU
		{15679D7A-F22C-4943-87FF-BF5C76C4A6FD}.Release|x64.ActiveCfg = Release|Any CPU
		{15679D7A-F22C-4943-87FF-BF5C76C4A6FD}.Release|x86.ActiveCfg = Release|Any CPU
		{7FA7D133-1417-4F85-9998-4C618AC8FEDA}.Debug|Any CPU.ActiveCfg = Debug|Any CPU
		{7FA7D133-1417-4F85-9998-4C618AC8FEDA}.Debug|Any CPU.Build.0 = Debug|Any CPU
		{7FA7D133-1417-4F85-9998-4C618AC8FEDA}.Debug|ARM.ActiveCfg = Debug|Any CPU
		{7FA7D133-1417-4F85-9998-4C618AC8FEDA}.Debug|x64.ActiveCfg = Debug|Any CPU
		{7FA7D133-1417-4F85-9998-4C618AC8FEDA}.Debug|x86.ActiveCfg = Debug|Any CPU
		{7FA7D133-1417-4F85-9998-4C618AC8FEDA}.Release|Any CPU.ActiveCfg = Release|Any CPU
		{7FA7D133-1417-4F85-9998-4C618AC8FEDA}.Release|Any CPU.Build.0 = Release|Any CPU
		{7FA7D133-1417-4F85-9998-4C618AC8FEDA}.Release|ARM.ActiveCfg = Release|Any CPU
		{7FA7D133-1417-4F85-9998-4C618AC8FEDA}.Release|x64.ActiveCfg = Release|Any CPU
		{7FA7D133-1417-4F85-9998-4C618AC8FEDA}.Release|x86.ActiveCfg = Release|Any CPU
		{1DF6D83C-31FF-47B6-82FE-C4603BE916B5}.Debug|Any CPU.ActiveCfg = Debug|Any CPU
		{1DF6D83C-31FF-47B6-82FE-C4603BE916B5}.Debug|Any CPU.Build.0 = Debug|Any CPU
		{1DF6D83C-31FF-47B6-82FE-C4603BE916B5}.Debug|ARM.ActiveCfg = Debug|ARM
		{1DF6D83C-31FF-47B6-82FE-C4603BE916B5}.Debug|ARM.Build.0 = Debug|ARM
		{1DF6D83C-31FF-47B6-82FE-C4603BE916B5}.Debug|x64.ActiveCfg = Debug|x64
		{1DF6D83C-31FF-47B6-82FE-C4603BE916B5}.Debug|x64.Build.0 = Debug|x64
		{1DF6D83C-31FF-47B6-82FE-C4603BE916B5}.Debug|x86.ActiveCfg = Debug|x86
		{1DF6D83C-31FF-47B6-82FE-C4603BE916B5}.Debug|x86.Build.0 = Debug|x86
		{1DF6D83C-31FF-47B6-82FE-C4603BE916B5}.Release|Any CPU.ActiveCfg = Release|Any CPU
		{1DF6D83C-31FF-47B6-82FE-C4603BE916B5}.Release|Any CPU.Build.0 = Release|Any CPU
		{1DF6D83C-31FF-47B6-82FE-C4603BE916B5}.Release|ARM.ActiveCfg = Release|ARM
		{1DF6D83C-31FF-47B6-82FE-C4603BE916B5}.Release|ARM.Build.0 = Release|ARM
		{1DF6D83C-31FF-47B6-82FE-C4603BE916B5}.Release|x64.ActiveCfg = Release|x64
		{1DF6D83C-31FF-47B6-82FE-C4603BE916B5}.Release|x64.Build.0 = Release|x64
		{1DF6D83C-31FF-47B6-82FE-C4603BE916B5}.Release|x86.ActiveCfg = Release|x86
		{1DF6D83C-31FF-47B6-82FE-C4603BE916B5}.Release|x86.Build.0 = Release|x86
	EndGlobalSection
	GlobalSection(SolutionProperties) = preSolution
		HideSolutionNode = FALSE
	EndGlobalSection
EndGlobal
