
Microsoft Visual Studio Solution File, Format Version 12.00
# Visual Studio 15
VisualStudioVersion = 15.0.26430.6
MinimumVisualStudioVersion = 10.0.40219.1
Project("{2150E333-8FDC-42A3-9474-1A3956D46DE8}") = "Solution Items", "Solution Items", "{F18F1765-4A02-42FD-9BEF-F0E2FCBD9D17}"
EndProject
Project("{2150E333-8FDC-42A3-9474-1A3956D46DE8}") = "src", "src", "{3C5BE746-03E5-4895-9988-0B57F162F86C}"
EndProject
Project("{2150E333-8FDC-42A3-9474-1A3956D46DE8}") = "tests", "tests", "{0F0901FF-E8D9-426A-B5A2-17C7F47C1529}"
EndProject
Project("{9A19103F-16F7-4668-BE54-9A1E7A4F7556}") = "SharpCompress", "src\SharpCompress\SharpCompress.csproj", "{FD19DDD8-72B2-4024-8665-0D1F7A2AA998}"
EndProject
Project("{9A19103F-16F7-4668-BE54-9A1E7A4F7556}") = "SharpCompress.Test", "tests\SharpCompress.Test\SharpCompress.Test.csproj", "{F2B1A1EB-0FA6-40D0-8908-E13247C7226F}"
EndProject
Project("{FAE04EC0-301F-11D3-BF4B-00C04F79EFBC}") = "build", "build\build.csproj", "{D4D613CB-5E94-47FB-85BE-B8423D20C545}"
EndProject
Global
	GlobalSection(SolutionConfigurationPlatforms) = preSolution
		Debug|Any CPU = Debug|Any CPU
		Release|Any CPU = Release|Any CPU
	EndGlobalSection
	GlobalSection(ProjectConfigurationPlatforms) = postSolution
		{FD19DDD8-72B2-4024-8665-0D1F7A2AA998}.Debug|Any CPU.ActiveCfg = Debug|Any CPU
		{FD19DDD8-72B2-4024-8665-0D1F7A2AA998}.Debug|Any CPU.Build.0 = Debug|Any CPU
		{FD19DDD8-72B2-4024-8665-0D1F7A2AA998}.Release|Any CPU.ActiveCfg = Release|Any CPU
		{FD19DDD8-72B2-4024-8665-0D1F7A2AA998}.Release|Any CPU.Build.0 = Release|Any CPU
		{F2B1A1EB-0FA6-40D0-8908-E13247C7226F}.Debug|Any CPU.ActiveCfg = Debug|Any CPU
		{F2B1A1EB-0FA6-40D0-8908-E13247C7226F}.Debug|Any CPU.Build.0 = Debug|Any CPU
		{F2B1A1EB-0FA6-40D0-8908-E13247C7226F}.Release|Any CPU.ActiveCfg = Release|Any CPU
		{F2B1A1EB-0FA6-40D0-8908-E13247C7226F}.Release|Any CPU.Build.0 = Release|Any CPU
		{D4D613CB-5E94-47FB-85BE-B8423D20C545}.Debug|Any CPU.ActiveCfg = Debug|Any CPU
		{D4D613CB-5E94-47FB-85BE-B8423D20C545}.Debug|Any CPU.Build.0 = Debug|Any CPU
		{D4D613CB-5E94-47FB-85BE-B8423D20C545}.Release|Any CPU.ActiveCfg = Release|Any CPU
		{D4D613CB-5E94-47FB-85BE-B8423D20C545}.Release|Any CPU.Build.0 = Release|Any CPU
	EndGlobalSection
	GlobalSection(SolutionProperties) = preSolution
		HideSolutionNode = FALSE
	EndGlobalSection
	GlobalSection(NestedProjects) = preSolution
		{FD19DDD8-72B2-4024-8665-0D1F7A2AA998} = {3C5BE746-03E5-4895-9988-0B57F162F86C}
		{F2B1A1EB-0FA6-40D0-8908-E13247C7226F} = {0F0901FF-E8D9-426A-B5A2-17C7F47C1529}
	EndGlobalSection
EndGlobal
