{
  "version": 2,
  "dependencies": {
    "net10.0": {
      "Microsoft.DotNet.ILCompiler": {
        "type": "Direct",
        "requested": "[10.0.10, )",
        "resolved": "10.0.10",
        "contentHash": "tnG8ntt/Bk6odvHREnGLMo3PEiihy5iSlIFVp0JbIo00GKtNRt2k73eKZbPqR5yaJNIa3z8R86YLwbxfqpb17g=="
      },
      "Microsoft.NET.ILLink.Tasks": {
        "type": "Direct",
        "requested": "[10.0.10, )",
        "resolved": "10.0.10",
        "contentHash": "f5VCIE7AJpd5YvzNTeMGVzQIgyE9tX+AreTYwQF+REbu+DZo/2Ae+jNSwhPEYrVz6RRkd7y8ubXjk6Nn6Ka+Cg=="
      },
      "Microsoft.NETFramework.ReferenceAssemblies": {
        "type": "Direct",
        "requested": "[1.0.3, )",
        "resolved": "1.0.3",
        "contentHash": "vUc9Npcs14QsyOD01tnv/m8sQUnGTGOw1BCmKcv77LBJY7OxhJ+zJF7UD/sCL3lYNFuqmQEVlkfS4Quif6FyYg==",
        "dependencies": {
          "Microsoft.NETFramework.ReferenceAssemblies.net461": "1.0.3"
        }
      },
      "Microsoft.SourceLink.GitHub": {
        "type": "Direct",
        "requested": "[10.0.301, )",
        "resolved": "10.0.301",
        "contentHash": "S9U9Ye2bylMeDkzdNh+TsbRUNr6rkBORrnXDk45maPIxVvTmHV1SN2/qtZ/6yO7cdWmQv1LHv77yIeG6Q3nvMQ==",
        "dependencies": {
          "Microsoft.Build.Tasks.Git": "10.0.301",
          "Microsoft.SourceLink.Common": "10.0.301",
          "System.IO.Hashing": "10.0.10"
        }
      },
      "Microsoft.VisualStudio.Threading.Analyzers": {
        "type": "Direct",
        "requested": "[18.7.23, )",
        "resolved": "18.7.23",
        "contentHash": "dyj6z8m+LFjpeH69hdnciCcRCmD0YgMlvuQEywiEshjqj/blgQ+PuWX8Vd5gkWQFoBN4e+TFxx6DvGNSv/gIKg=="
      },
      "PolySharp": {
        "type": "Direct",
        "requested": "[1.16.0, )",
        "resolved": "1.16.0",
        "contentHash": "3kdIIceBPumwjw279FuiVMfVENT2cGASXJgcigdySsbX2dJB8ofUgG6i47yqF/k1qu6fvNR3csrSekZPviR6kQ=="
      },
      "Zomp.SyncMethodGenerator": {
        "type": "Direct",
        "requested": "[2.0.42, )",
        "resolved": "2.0.42",
        "contentHash": "kf2PvmD9N5xIzsdf6vy5tk2w0hlD7+Kbd3w/wFmgozgHTKJlh2RNiS+Jx+4d1AtgyJVBD0CO0nofbThu5zTsgQ=="
      },
      "Microsoft.Build.Tasks.Git": {
        "type": "Transitive",
        "resolved": "10.0.301",
        "contentHash": "9Tah8f2BYuXlff9nIsJAeQJcqnijJTXNraIcTOF2f/f9kLmg0HNWPlMemnD6FBLd/UQcE0s9Vze2zCkA6nrZAA==",
        "dependencies": {
          "System.IO.Hashing": "10.0.10"
        }
      },
      "Microsoft.NETFramework.ReferenceAssemblies.net461": {
        "type": "Transitive",
        "resolved": "1.0.3",
        "contentHash": "AmOJZwCqnOCNp6PPcf9joyogScWLtwy0M1WkqfEQ0M9nYwyDD7EX9ZjscKS5iYnyvteX7kzSKFCKt9I9dXA6mA=="
      },
      "Microsoft.SourceLink.Common": {
        "type": "Transitive",
        "resolved": "10.0.301",
        "contentHash": "oz44EclJdAYVZcRb9dSbWd+6RaE+8a4j5zdE+O7yw5qPRZZhu3pcpDZ/Moy6pLeIXZqBP1FMd8CSE0sgJAGV0g=="
      },
      "System.IO.Hashing": {
        "type": "Transitive",
        "resolved": "10.0.10",
        "contentHash": "eE839zyWZD/UBZYzP2lu9fhHX6RWe63/jz3Jxf+JumzO/db+Vc2s7CMiDwxk9ti2NTUft2tdRx31Rw2OjKbecA=="
      },
      "sharpcompress": {
        "type": "Project"
      }
    },
    "net10.0/linux-x64": {
      "Microsoft.DotNet.ILCompiler": {
        "type": "Direct",
        "requested": "[10.0.10, )",
        "resolved": "10.0.10",
        "contentHash": "tnG8ntt/Bk6odvHREnGLMo3PEiihy5iSlIFVp0JbIo00GKtNRt2k73eKZbPqR5yaJNIa3z8R86YLwbxfqpb17g==",
        "dependencies": {
          "runtime.linux-x64.Microsoft.DotNet.ILCompiler": "10.0.10"
        }
      },
      "runtime.linux-x64.Microsoft.DotNet.ILCompiler": {
        "type": "Transitive",
        "resolved": "10.0.10",
        "contentHash": "WRjSRBfv6A6UjgjO8EQuLe9xqdICpkQx1hACUziCw4B2uGL+2jVhkFLq/G7rxRr3MGvqLo9B+nNdfIJ/5CYN7A=="
      }
    }
  }
}