{
  "version": 2,
  "dependencies": {
    "net10.0": {
      "Microsoft.NET.ILLink.Tasks": {
        "type": "Direct",
        "requested": "[10.0.3, )",
        "resolved": "10.0.3",
        "contentHash": "0B6nZyCHWXnvmlB559oduOspVdNOnpNXPjhpWVMovLPAsDVG7A4jJR9rzECf67JUzxP8/ee/wA8clwIzJcWNFA=="
      },
      "Microsoft.NETFramework.ReferenceAssemblies": {
        "type": "Direct",
        "requested": "[1.0.3, )",
        "resolved": "1.0.3",
        "contentHash": "vUc9Npcs14QsyOD01tnv/m8sQUnGTGOw1BCmKcv77LBJY7OxhJ+zJF7UD/sCL3lYNFuqmQEVlkfS4Quif6FyYg==",
        "dependencies": {
          "Microsoft.NETFramework.ReferenceAssemblies.net461": "1.0.3"
        }
      },
      "Microsoft.SourceLink.GitHub": {
        "type": "Direct",
        "requested": "[10.0.202, )",
        "resolved": "10.0.202",
        "contentHash": "vRm3w0AWndnqt8X73qoWTdD/qp7o+bYMCufl7hSiQUSqeI3WKdqA/ElE6MCUscy84FX8HCMcK2EJCtTm+4bdbw==",
        "dependencies": {
          "Microsoft.Build.Tasks.Git": "10.0.202",
          "Microsoft.SourceLink.Common": "10.0.202",
          "System.IO.Hashing": "10.0.6"
        }
      },
      "Microsoft.VisualStudio.Threading.Analyzers": {
        "type": "Direct",
        "requested": "[17.14.15, )",
        "resolved": "17.14.15",
        "contentHash": "mXQPJsbuUD2ydq4/ffd8h8tSOFCXec+2xJOVNCvXjuMOq/+5EKHq3D2m2MC2+nUaXeFMSt66VS/J4HdKBixgcw=="
      },
      "Microsoft.Build.Tasks.Git": {
        "type": "Transitive",
        "resolved": "10.0.202",
        "contentHash": "HXAW7dToPLi6lHN4TJz1FfxLYfPS3EF20YrrZxQ9xbwbjLkFXJ+SwkuuILoAdCWTNHhHfa5oqOsrOEQX5s+eMg==",
        "dependencies": {
          "System.IO.Hashing": "10.0.6"
        }
      },
      "Microsoft.NETFramework.ReferenceAssemblies.net461": {
        "type": "Transitive",
        "resolved": "1.0.3",
        "contentHash": "AmOJZwCqnOCNp6PPcf9joyogScWLtwy0M1WkqfEQ0M9nYwyDD7EX9ZjscKS5iYnyvteX7kzSKFCKt9I9dXA6mA=="
      },
      "Microsoft.SourceLink.Common": {
        "type": "Transitive",
        "resolved": "10.0.202",
        "contentHash": "g8E67huS0Slt6iJiUG1uj2N4NBo/q68Q1y1H4nFu1Cn4AOp6S5D8AeGLhGMzBT+JmNCjiGTvKco2qkbe4F31tQ=="
      },
      "System.IO.Hashing": {
        "type": "Transitive",
        "resolved": "10.0.6",
        "contentHash": "lbMLkqFekDR4DeFd26eEfrG2HlvixIfs22uk/e2+9/NJ7WxMycVVakcQpuJvvqgc9XxwEgSd/Td+dZA+TjDDwA=="
      }
    }
  }
}