{
  "version": 2,
  "dependencies": {
    "net10.0": {
      "JetBrains.Profiler.SelfApi": {
        "type": "Direct",
        "requested": "[2.5.16, )",
        "resolved": "2.5.16",
        "contentHash": "F8Tczi426PmDNZu0d88d60jVEQ/Tnvdi7LKnVLikTQ9hPqdzW7WOjj79S4XA2awbpTfCCU+eHL9MrUk6Yj90Zw==",
        "dependencies": {
          "JetBrains.HabitatDetector": "1.4.6",
          "JetBrains.Profiler.Api": "1.4.11"
        }
      },
      "Microsoft.NETFramework.ReferenceAssemblies": {
        "type": "Direct",
        "requested": "[1.0.3, )",
        "resolved": "1.0.3",
        "contentHash": "vUc9Npcs14QsyOD01tnv/m8sQUnGTGOw1BCmKcv77LBJY7OxhJ+zJF7UD/sCL3lYNFuqmQEVlkfS4Quif6FyYg==",
        "dependencies": {
          "Microsoft.NETFramework.ReferenceAssemblies.net461": "1.0.3"
        }
      },
      "Microsoft.SourceLink.GitHub": {
        "type": "Direct",
        "requested": "[10.0.102, )",
        "resolved": "10.0.102",
        "contentHash": "Oxq3RCIJSdtpIU4hLqO7XaDe/Ra3HS9Wi8rJl838SAg6Zu1iQjerA0+xXWBgUFYbgknUGCLOU0T+lzMLkvY9Qg==",
        "dependencies": {
          "Microsoft.Build.Tasks.Git": "10.0.102",
          "Microsoft.SourceLink.Common": "10.0.102"
        }
      },
      "Microsoft.VisualStudio.Threading.Analyzers": {
        "type": "Direct",
        "requested": "[17.14.15, )",
        "resolved": "17.14.15",
        "contentHash": "mXQPJsbuUD2ydq4/ffd8h8tSOFCXec+2xJOVNCvXjuMOq/+5EKHq3D2m2MC2+nUaXeFMSt66VS/J4HdKBixgcw=="
      },
      "JetBrains.FormatRipper": {
        "type": "Transitive",
        "resolved": "2.4.0",
        "contentHash": "k5eGab1DArJH0k94ZO9oxDxg8go1KvR1oPGPzyVvfplEHetgrc2hGZ6Cken8fVsdS/Xp3hMnHd9L5MXb7JJM4A=="
      },
      "JetBrains.HabitatDetector": {
        "type": "Transitive",
        "resolved": "1.4.6",
        "contentHash": "kNN79C3hIt+1AzPNKbddouXXGaL84bi2T42Zsa2A0nXyatg1V5q+WLI9NddCtWjMdb9CLkDem2VIc/5lHWaXJQ==",
        "dependencies": {
          "JetBrains.FormatRipper": "2.4.0"
        }
      },
      "JetBrains.Profiler.Api": {
        "type": "Transitive",
        "resolved": "1.4.11",
        "contentHash": "4XOA72p49dmzT9k2NyhSVYnLxjw+OPJpXen2gNFsbWquZPjnpoPqXJosVfeONDOST52cgAg3c1q/cBa6/R3NLQ==",
        "dependencies": {
          "JetBrains.HabitatDetector": "1.4.6"
        }
      },
      "Microsoft.Build.Tasks.Git": {
        "type": "Transitive",
        "resolved": "10.0.102",
        "contentHash": "0i81LYX31U6UiXz4NOLbvc++u+/mVDmOt+PskrM/MygpDxkv9THKQyRUmavBpLK6iBV0abNWnn+CQgSRz//Pwg=="
      },
      "Microsoft.NETFramework.ReferenceAssemblies.net461": {
        "type": "Transitive",
        "resolved": "1.0.3",
        "contentHash": "AmOJZwCqnOCNp6PPcf9joyogScWLtwy0M1WkqfEQ0M9nYwyDD7EX9ZjscKS5iYnyvteX7kzSKFCKt9I9dXA6mA=="
      },
      "Microsoft.SourceLink.Common": {
        "type": "Transitive",
        "resolved": "10.0.102",
        "contentHash": "Mk1IMb9q5tahC2NltxYXFkLBtuBvfBoCQ3pIxYQWfzbCE9o1OB9SsHe0hnNGo7lWgTA/ePbFAJLWu6nLL9K17A=="
      },
      "sharpcompress": {
        "type": "Project"
      }
    }
  }
}